
Microsoft Visual Studio Solution File, Format Version 12.00
# Visual Studio Version 17
VisualStudioVersion = 17.11.35303.130
MinimumVisualStudioVersion = 10.0.40219.1
Project("{FAE04EC0-301F-11D3-BF4B-00C04F79EFBC}") = "fihser-riley-ai-scenario", "fihser-riley-ai-scenario.csproj", "{68F463A6-23A6-4794-9250-98028082F778}"
EndProject
Global
	GlobalSection(SolutionConfigurationPlatforms) = preSolution
		Debug|Any CPU = Debug|Any CPU
		Release|Any CPU = Release|Any CPU
	EndGlobalSection
	GlobalSection(ProjectConfigurationPlatforms) = postSolution
		{68F463A6-23A6-4794-9250-98028082F778}.Debug|Any CPU.ActiveCfg = Debug|Any CPU
		{68F463A6-23A6-4794-9250-98028082F778}.Debug|Any CPU.Build.0 = Debug|Any CPU
		{68F463A6-23A6-4794-9250-98028082F778}.Release|Any CPU.ActiveCfg = Release|Any CPU
		{68F463A6-23A6-4794-9250-98028082F778}.Release|Any CPU.Build.0 = Release|Any CPU
	EndGlobalSection
	GlobalSection(SolutionProperties) = preSolution
		HideSolutionNode = FALSE
	EndGlobalSection
	GlobalSection(ExtensibilityGlobals) = postSolution
		SolutionGuid = {D9950527-A8C6-4761-A230-65D11D59F15E}
	EndGlobalSection
EndGlobal
